// !$*UTF8*$!
{
	archiveVersion = 1;
	classes = {
	};
	objectVersion = 46;
	objects = {

/* Begin PBXBuildFile section */
		E44F6F0B1B2821850068825B /* main.m in Sources */ = {isa = PBXBuildFile; fileRef = E44F6F0A1B2821850068825B /* main.m */; };
		E44F6F0E1B2821850068825B /* AppDelegate.m in Sources */ = {isa = PBXBuildFile; fileRef = E44F6F0D1B2821850068825B /* AppDelegate.m */; };
		E44F6F111B2821850068825B /* ViewController.m in Sources */ = {isa = PBXBuildFile; fileRef = E44F6F101B2821850068825B /* ViewController.m */; };
		E44F6F141B2821850068825B /* Main.storyboard in Resources */ = {isa = PBXBuildFile; fileRef = E44F6F121B2821850068825B /* Main.storyboard */; };
		E44F6F161B2821850068825B /* Images.xcassets in Resources */ = {isa = PBXBuildFile; fileRef = E44F6F151B2821850068825B /* Images.xcassets */; };
		E44F6F191B2821850068825B /* LaunchScreen.xib in Resources */ = {isa = PBXBuildFile; fileRef = E44F6F171B2821850068825B /* LaunchScreen.xib */; };
		E44F6F251B2821850068825B /* ZZNavBarTests.m in Sources */ = {isa = PBXBuildFile; fileRef = E44F6F241B2821850068825B /* ZZNavBarTests.m */; };
/* End PBXBuildFile section */

/* Begin PBXContainerItemProxy section */
		E44F6F1F1B2821850068825B /* PBXContainerItemProxy */ = {
			isa = PBXContainerItemProxy;
			containerPortal = E44F6EFD1B2821850068825B /* Project object */;
			proxyType = 1;
			remoteGlobalIDString = E44F6F041B2821850068825B;
			remoteInfo = ZZNavBar;
		};
/* End PBXContainerItemProxy section */

/* Begin PBXFileReference section */
		E44F6F051B2821850068825B /* ZZNavBar.app */ = {isa = PBXFileReference; explicitFileType = wrapper.application; includeInIndex = 0; path = ZZNavBar.app; sourceTree = BUILT_PRODUCTS_DIR; };
		E44F6F091B2821850068825B /* Info.plist */ = {isa = PBXFileReference; lastKnownFileType = text.plist.xml; path = Info.plist; sourceTree = "<group>"; };
		E44F6F0A1B2821850068825B /* main.m */ = {isa = PBXFileReference; lastKnownFileType = sourcecode.c.objc; path = main.m; sourceTree = "<group>"; };
		E44F6F0C1B2821850068825B /* AppDelegate.h */ = {isa = PBXFileReference; lastKnownFileType = sourcecode.c.h; path = AppDelegate.h; sourceTree = "<group>"; };
		E44F6F0D1B2821850068825B /* AppDelegate.m */ = {isa = PBXFileReference; lastKnownFileType = sourcecode.c.objc; path = AppDelegate.m; sourceTree = "<group>"; };
		E44F6F0F1B2821850068825B /* ViewController.h */ = {isa = PBXFileReference; lastKnownFileType = sourcecode.c.h; path = ViewController.h; sourceTree = "<group>"; };
		E44F6F101B2821850068825B /* ViewController.m */ = {isa = PBXFileReference; lastKnownFileType = sourcecode.c.objc; path = ViewController.m; sourceTree = "<group>"; };
		E44F6F131B2821850068825B /* Base */ = {isa = PBXFileReference; lastKnownFileType = file.storyboard; name = Base; path = Base.lproj/Main.storyboard; sourceTree = "<group>"; };
		E44F6F151B2821850068825B /* Images.xcassets */ = {isa = PBXFileReference; lastKnownFileType = folder.assetcatalog; path = Images.xcassets; sourceTree = "<group>"; };
		E44F6F181B2821850068825B /* Base */ = {isa = PBXFileReference; lastKnownFileType = file.xib; name = Base; path = Base.lproj/LaunchScreen.xib; sourceTree = "<group>"; };
		E44F6F1E1B2821850068825B /* ZZNavBarTests.xctest */ = {isa = PBXFileReference; explicitFileType = wrapper.cfbundle; includeInIndex = 0; path = ZZNavBarTests.xctest; sourceTree = BUILT_PRODUCTS_DIR; };
		E44F6F231B2821850068825B /* Info.plist */ = {isa = PBXFileReference; lastKnownFileType = text.plist.xml; path = Info.plist; sourceTree = "<group>"; };
		E44F6F241B2821850068825B /* ZZNavBarTests.m */ = {isa = PBXFileReference; lastKnownFileType = sourcecode.c.objc; path = ZZNavBarTests.m; sourceTree = "<group>"; };
/* End PBXFileReference section */

/* Begin PBXFrameworksBuildPhase section */
		E44F6F021B2821850068825B /* Frameworks */ = {
			isa = PBXFrameworksBuildPhase;
			buildActionMask = 2147483647;
			files = (
			);
			runOnlyForDeploymentPostprocessing = 0;
		};
		E44F6F1B1B2821850068825B /* Frameworks */ = {
			isa = PBXFrameworksBuildPhase;
			buildActionMask = 2147483647;
			files = (
			);
			runOnlyForDeploymentPostprocessing = 0;
		};
/* End PBXFrameworksBuildPhase section */

/* Begin PBXGroup section */
		E44F6EFC1B2821850068825B = {
			isa = PBXGroup;
			children = (
				E44F6F071B2821850068825B /* ZZNavBar */,
				E44F6F211B2821850068825B /* ZZNavBarTests */,
				E44F6F061B2821850068825B /* Products */,
			);
			sourceTree = "<group>";
		};
		E44F6F061B2821850068825B /* Products */ = {
			isa = PBXGroup;
			children = (
				E44F6F051B2821850068825B /* ZZNavBar.app */,
				E44F6F1E1B2821850068825B /* ZZNavBarTests.xctest */,
			);
			name = Products;
			sourceTree = "<group>";
		};
		E44F6F071B2821850068825B /* ZZNavBar */ = {
			isa = PBXGroup;
			children = (
				E44F6F0C1B2821850068825B /* AppDelegate.h */,
				E44F6F0D1B2821850068825B /* AppDelegate.m */,
				E44F6F0F1B2821850068825B /* ViewController.h */,
				E44F6F101B2821850068825B /* ViewController.m */,
				E44F6F121B2821850068825B /* Main.storyboard */,
				E44F6F151B2821850068825B /* Images.xcassets */,
				E44F6F171B2821850068825B /* LaunchScreen.xib */,
				E44F6F081B2821850068825B /* Supporting Files */,
			);
			path = ZZNavBar;
			sourceTree = "<group>";
		};
		E44F6F081B2821850068825B /* Supporting Files */ = {
			isa = PBXGroup;
			children = (
				E44F6F091B2821850068825B /* Info.plist */,
				E44F6F0A1B2821850068825B /* main.m */,
			);
			name = "Supporting Files";
			sourceTree = "<group>";
		};
		E44F6F211B2821850068825B /* ZZNavBarTests */ = {
			isa = PBXGroup;
			children = (
				E44F6F241B2821850068825B /* ZZNavBarTests.m */,
				E44F6F221B2821850068825B /* Supporting Files */,
			);
			path = ZZNavBarTests;
			sourceTree = "<group>";
		};
		E44F6F221B2821850068825B /* Supporting Files */ = {
			isa = PBXGroup;
			children = (
				E44F6F231B2821850068825B /* Info.plist */,
			);
			name = "Supporting Files";
			sourceTree = "<group>";
		};
/* End PBXGroup section */

/* Begin PBXNativeTarget section */
		E44F6F041B2821850068825B /* ZZNavBar */ = {
			isa = PBXNativeTarget;
			buildConfigurationList = E44F6F281B2821850068825B /* Build configuration list for PBXNativeTarget "ZZNavBar" */;
			buildPhases = (
				E44F6F011B2821850068825B /* Sources */,
				E44F6F021B2821850068825B /* Frameworks */,
				E44F6F031B2821850068825B /* Resources */,
			);
			buildRules = (
			);
			dependencies = (
			);
			name = ZZNavBar;
			productName = ZZNavBar;
			productReference = E44F6F051B2821850068825B /* ZZNavBar.app */;
			productType = "com.apple.product-type.application";
		};
		E44F6F1D1B2821850068825B /* ZZNavBarTests */ = {
			isa = PBXNativeTarget;
			buildConfigurationList = E44F6F2B1B2821850068825B /* Build configuration list for PBXNativeTarget "ZZNavBarTests" */;
			buildPhases = (
				E44F6F1A1B2821850068825B /* Sources */,
				E44F6F1B1B2821850068825B /* Frameworks */,
				E44F6F1C1B2821850068825B /* Resources */,
			);
			buildRules = (
			);
			dependencies = (
				E44F6F201B2821850068825B /* PBXTargetDependency */,
			);
			name = ZZNavBarTests;
			productName = ZZNavBarTests;
			productReference = E44F6F1E1B2821850068825B /* ZZNavBarTests.xctest */;
			productType = "com.apple.product-type.bundle.unit-test";
		};
/* End PBXNativeTarget section */

/* Begin PBXProject section */
		E44F6EFD1B2821850068825B /* Project object */ = {
			isa = PBXProject;
			attributes = {
				LastUpgradeCheck = 0630;
				ORGANIZATIONNAME = zezefamily;
				TargetAttributes = {
					E44F6F041B2821850068825B = {
						CreatedOnToolsVersion = 6.3;
					};
					E44F6F1D1B2821850068825B = {
						CreatedOnToolsVersion = 6.3;
						TestTargetID = E44F6F041B2821850068825B;
					};
				};
			};
			buildConfigurationList = E44F6F001B2821850068825B /* Build configuration list for PBXProject "ZZNavBar" */;
			compatibilityVersion = "Xcode 3.2";
			developmentRegion = English;
			hasScannedForEncodings = 0;
			knownRegions = (
				en,
				Base,
			);
			mainGroup = E44F6EFC1B2821850068825B;
			productRefGroup = E44F6F061B2821850068825B /* Products */;
			projectDirPath = "";
			projectRoot = "";
			targets = (
				E44F6F041B2821850068825B /* ZZNavBar */,
				E44F6F1D1B2821850068825B /* ZZNavBarTests */,
			);
		};
/* End PBXProject section */

/* Begin PBXResourcesBuildPhase section */
		E44F6F031B2821850068825B /* Resources */ = {
			isa = PBXResourcesBuildPhase;
			buildActionMask = 2147483647;
			files = (
				E44F6F141B2821850068825B /* Main.storyboard in Resources */,
				E44F6F191B2821850068825B /* LaunchScreen.xib in Resources */,
				E44F6F161B2821850068825B /* Images.xcassets in Resources */,
			);
			runOnlyForDeploymentPostprocessing = 0;
		};
		E44F6F1C1B2821850068825B /* Resources */ = {
			isa = PBXResourcesBuildPhase;
			buildActionMask = 2147483647;
			files = (
			);
			runOnlyForDeploymentPostprocessing = 0;
		};
/* End PBXResourcesBuildPhase section */

/* Begin PBXSourcesBuildPhase section */
		E44F6F011B2821850068825B /* Sources */ = {
			isa = PBXSourcesBuildPhase;
			buildActionMask = 2147483647;
			files = (
				E44F6F111B2821850068825B /* ViewController.m in Sources */,
				E44F6F0E1B2821850068825B /* AppDelegate.m in Sources */,
				E44F6F0B1B2821850068825B /* main.m in Sources */,
			);
			runOnlyForDeploymentPostprocessing = 0;
		};
		E44F6F1A1B2821850068825B /* Sources */ = {
			isa = PBXSourcesBuildPhase;
			buildActionMask = 2147483647;
			files = (
				E44F6F251B2821850068825B /* ZZNavBarTests.m in Sources */,
			);
			runOnlyForDeploymentPostprocessing = 0;
		};
/* End PBXSourcesBuildPhase section */

/* Begin PBXTargetDependency section */
		E44F6F201B2821850068825B /* PBXTargetDependency */ = {
			isa = PBXTargetDependency;
			target = E44F6F041B2821850068825B /* ZZNavBar */;
			targetProxy = E44F6F1F1B2821850068825B /* PBXContainerItemProxy */;
		};
/* End PBXTargetDependency section */

/* Begin PBXVariantGroup section */
		E44F6F121B2821850068825B /* Main.storyboard */ = {
			isa = PBXVariantGroup;
			children = (
				E44F6F131B2821850068825B /* Base */,
			);
			name = Main.storyboard;
			sourceTree = "<group>";
		};
		E44F6F171B2821850068825B /* LaunchScreen.xib */ = {
			isa = PBXVariantGroup;
			children = (
				E44F6F181B2821850068825B /* Base */,
			);
			name = LaunchScreen.xib;
			sourceTree = "<group>";
		};
/* End PBXVariantGroup section */

/* Begin XCBuildConfiguration section */
		E44F6F261B2821850068825B /* Debug */ = {
			isa = XCBuildConfiguration;
			buildSettings = {
				ALWAYS_SEARCH_USER_PATHS = NO;
				CLANG_CXX_LANGUAGE_STANDARD = "gnu++0x";
				CLANG_CXX_LIBRARY = "libc++";
				CLANG_ENABLE_MODULES = YES;
				CLANG_ENABLE_OBJC_ARC = YES;
				CLANG_WARN_BOOL_CONVERSION = YES;
				CLANG_WARN_CONSTANT_CONVERSION = YES;
				CLANG_WARN_DIRECT_OBJC_ISA_USAGE = YES_ERROR;
				CLANG_WARN_EMPTY_BODY = YES;
				CLANG_WARN_ENUM_CONVERSION = YES;
				CLANG_WARN_INT_CONVERSION = YES;
				CLANG_WARN_OBJC_ROOT_CLASS = YES_ERROR;
				CLANG_WARN_UNREACHABLE_CODE = YES;
				CLANG_WARN__DUPLICATE_METHOD_MATCH = YES;
				"CODE_SIGN_IDENTITY[sdk=iphoneos*]" = "iPhone Developer";
				COPY_PHASE_STRIP = NO;
				DEBUG_INFORMATION_FORMAT = "dwarf-with-dsym";
				ENABLE_STRICT_OBJC_MSGSEND = YES;
				GCC_C_LANGUAGE_STANDARD = gnu99;
				GCC_DYNAMIC_NO_PIC = NO;
				GCC_NO_COMMON_BLOCKS = YES;
				GCC_OPTIMIZATION_LEVEL = 0;
				GCC_PREPROCESSOR_DEFINITIONS = (
					"DEBUG=1",
					"$(inherited)",
				);
				GCC_SYMBOLS_PRIVATE_EXTERN = NO;
				GCC_WARN_64_TO_32_BIT_CONVERSION = YES;
				GCC_WARN_ABOUT_RETURN_TYPE = YES_ERROR;
				GCC_WARN_UNDECLARED_SELECTOR = YES;
				GCC_WARN_UNINITIALIZED_AUTOS = YES_AGGRESSIVE;
				GCC_WARN_UNUSED_FUNCTION = YES;
				GCC_WARN_UNUSED_VARIABLE = YES;
				IPHONEOS_DEPLOYMENT_TARGET = 8.3;
				MTL_ENABLE_DEBUG_INFO = YES;
				ONLY_ACTIVE_ARCH = YES;
				SDKROOT = iphoneos;
			};
			name = Debug;
		};
		E44F6F271B2821850068825B /* Release */ = {
			isa = XCBuildConfiguration;
			buildSettings = {
				ALWAYS_SEARCH_USER_PATHS = NO;
				CLANG_CXX_LANGUAGE_STANDARD = "gnu++0x";
				CLANG_CXX_LIBRARY = "libc++";
				CLANG_ENABLE_MODULES = YES;
				CLANG_ENABLE_OBJC_ARC = YES;
				CLANG_WARN_BOOL_CONVERSION = YES;
				CLANG_WARN_CONSTANT_CONVERSION = YES;
				CLANG_WARN_DIRECT_OBJC_ISA_USAGE = YES_ERROR;
				CLANG_WARN_EMPTY_BODY = YES;
				CLANG_WARN_ENUM_CONVERSION = YES;
				CLANG_WARN_INT_CONVERSION = YES;
				CLANG_WARN_OBJC_ROOT_CLASS = YES_ERROR;
				CLANG_WARN_UNREACHABLE_CODE = YES;
				CLANG_WARN__DUPLICATE_METHOD_MATCH = YES;
				"CODE_SIGN_IDENTITY[sdk=iphoneos*]" = "iPhone Developer";
				COPY_PHASE_STRIP = NO;
				DEBUG_INFORMATION_FORMAT = "dwarf-with-dsym";
				ENABLE_NS_ASSERTIONS = NO;
				ENABLE_STRICT_OBJC_MSGSEND = YES;
				GCC_C_LANGUAGE_STANDARD = gnu99;
				GCC_NO_COMMON_BLOCKS = YES;
				GCC_WARN_64_TO_32_BIT_CONVERSION = YES;
				GCC_WARN_ABOUT_RETURN_TYPE = YES_ERROR;
				GCC_WARN_UNDECLARED_SELECTOR = YES;
				GCC_WARN_UNINITIALIZED_AUTOS = YES_AGGRESSIVE;
				GCC_WARN_UNUSED_FUNCTION = YES;
				GCC_WARN_UNUSED_VARIABLE = YES;
				IPHONEOS_DEPLOYMENT_TARGET = 8.3;
				MTL_ENABLE_DEBUG_INFO = NO;
				SDKROOT = iphoneos;
				VALIDATE_PRODUCT = YES;
			};
			name = Release;
		};
		E44F6F291B2821850068825B /* Debug */ = {
			isa = XCBuildConfiguration;
			buildSettings = {
				ASSETCATALOG_COMPILER_APPICON_NAME = AppIcon;
				INFOPLIST_FILE = ZZNavBar/Info.plist;
				LD_RUNPATH_SEARCH_PATHS = "$(inherited) @executable_path/Frameworks";
				PRODUCT_NAME = "$(TARGET_NAME)";
			};
			name = Debug;
		};
		E44F6F2A1B2821850068825B /* Release */ = {
			isa = XCBuildConfiguration;
			buildSettings = {
				ASSETCATALOG_COMPILER_APPICON_NAME = AppIcon;
				INFOPLIST_FILE = ZZNavBar/Info.plist;
				LD_RUNPATH_SEARCH_PATHS = "$(inherited) @executable_path/Frameworks";
				PRODUCT_NAME = "$(TARGET_NAME)";
			};
			name = Release;
		};
		E44F6F2C1B2821850068825B /* Debug */ = {
			isa = XCBuildConfiguration;
			buildSettings = {
				BUNDLE_LOADER = "$(TEST_HOST)";
				FRAMEWORK_SEARCH_PATHS = (
					"$(SDKROOT)/Developer/Library/Frameworks",
					"$(inherited)",
				);
				GCC_PREPROCESSOR_DEFINITIONS = (
					"DEBUG=1",
					"$(inherited)",
				);
				INFOPLIST_FILE = ZZNavBarTests/Info.plist;
				LD_RUNPATH_SEARCH_PATHS = "$(inherited) @executable_path/Frameworks @loader_path/Frameworks";
				PRODUCT_NAME = "$(TARGET_NAME)";
				TEST_HOST = "$(BUILT_PRODUCTS_DIR)/ZZNavBar.app/ZZNavBar";
			};
			name = Debug;
		};
		E44F6F2D1B2821850068825B /* Release */ = {
			isa = XCBuildConfiguration;
			buildSettings = {
				BUNDLE_LOADER = "$(TEST_HOST)";
				FRAMEWORK_SEARCH_PATHS = (
					"$(SDKROOT)/Developer/Library/Frameworks",
					"$(inherited)",
				);
				INFOPLIST_FILE = ZZNavBarTests/Info.plist;
				LD_RUNPATH_SEARCH_PATHS = "$(inherited) @executable_path/Frameworks @loader_path/Frameworks";
				PRODUCT_NAME = "$(TARGET_NAME)";
				TEST_HOST = "$(BUILT_PRODUCTS_DIR)/ZZNavBar.app/ZZNavBar";
			};
			name = Release;
		};
/* End XCBuildConfiguration section */

/* Begin XCConfigurationList section */
		E44F6F001B2821850068825B /* Build configuration list for PBXProject "ZZNavBar" */ = {
			isa = XCConfigurationList;
			buildConfigurations = (
				E44F6F261B2821850068825B /* Debug */,
				E44F6F271B2821850068825B /* Release */,
			);
			defaultConfigurationIsVisible = 0;
			defaultConfigurationName = Release;
		};
		E44F6F281B2821850068825B /* Build configuration list for PBXNativeTarget "ZZNavBar" */ = {
			isa = XCConfigurationList;
			buildConfigurations = (
				E44F6F291B2821850068825B /* Debug */,
				E44F6F2A1B2821850068825B /* Release */,
			);
			defaultConfigurationIsVisible = 0;
		};
		E44F6F2B1B2821850068825B /* Build configuration list for PBXNativeTarget "ZZNavBarTests" */ = {
			isa = XCConfigurationList;
			buildConfigurations = (
				E44F6F2C1B2821850068825B /* Debug */,
				E44F6F2D1B2821850068825B /* Release */,
			);
			defaultConfigurationIsVisible = 0;
		};
/* End XCConfigurationList section */
	};
	rootObject = E44F6EFD1B2821850068825B /* Project object */;
}
